
Microsoft Visual Studio Solution File, Format Version 12.00
# Visual Studio Version 16
VisualStudioVersion = 16.0.810.16
MinimumVisualStudioVersion = 10.0.40219.1
Project("{2150E333-8FDC-42A3-9474-1A3956D46DE8}") = "Services", "Services", "{7B996040-7E13-461B-9154-EABB28481C41}"
EndProject
Project("{FAE04EC0-301F-11D3-BF4B-00C04F79EFBC}") = "BooksService", "Services\BooksService\BooksService.csproj", "{9F2C270B-8E33-4D8C-9995-CDA4E224D51A}"
EndProject
Project("{FAE04EC0-301F-11D3-BF4B-00C04F79EFBC}") = "MapService", "Services\MapService\MapService.csproj", "{0DA18B1B-5F48-49E9-9BCB-86D6891B7B11}"
EndProject
Project("{FAE04EC0-301F-11D3-BF4B-00C04F79EFBC}") = "OrdersService", "Services\OrdersService\OrdersService.csproj", "{775211B7-49CF-48FB-8E59-30F3F43BC252}"
EndProject
Project("{2150E333-8FDC-42A3-9474-1A3956D46DE8}") = "MobileApp", "MobileApp", "{C5A8389C-2610-4486-9863-AFC2ED9F2706}"
EndProject
Global
	GlobalSection(SolutionConfigurationPlatforms) = preSolution
		Debug|Any CPU = Debug|Any CPU
		Release|Any CPU = Release|Any CPU
	EndGlobalSection
	GlobalSection(ProjectConfigurationPlatforms) = postSolution
		{9F2C270B-8E33-4D8C-9995-CDA4E224D51A}.Debug|Any CPU.ActiveCfg = Debug|Any CPU
		{9F2C270B-8E33-4D8C-9995-CDA4E224D51A}.Debug|Any CPU.Build.0 = Debug|Any CPU
		{9F2C270B-8E33-4D8C-9995-CDA4E224D51A}.Release|Any CPU.ActiveCfg = Release|Any CPU
		{9F2C270B-8E33-4D8C-9995-CDA4E224D51A}.Release|Any CPU.Build.0 = Release|Any CPU
		{0DA18B1B-5F48-49E9-9BCB-86D6891B7B11}.Debug|Any CPU.ActiveCfg = Debug|Any CPU
		{0DA18B1B-5F48-49E9-9BCB-86D6891B7B11}.Debug|Any CPU.Build.0 = Debug|Any CPU
		{0DA18B1B-5F48-49E9-9BCB-86D6891B7B11}.Release|Any CPU.ActiveCfg = Release|Any CPU
		{0DA18B1B-5F48-49E9-9BCB-86D6891B7B11}.Release|Any CPU.Build.0 = Release|Any CPU
		{775211B7-49CF-48FB-8E59-30F3F43BC252}.Debug|Any CPU.ActiveCfg = Debug|Any CPU
		{775211B7-49CF-48FB-8E59-30F3F43BC252}.Debug|Any CPU.Build.0 = Debug|Any CPU
		{775211B7-49CF-48FB-8E59-30F3F43BC252}.Release|Any CPU.ActiveCfg = Release|Any CPU
		{775211B7-49CF-48FB-8E59-30F3F43BC252}.Release|Any CPU.Build.0 = Release|Any CPU
	EndGlobalSection
	GlobalSection(SolutionProperties) = preSolution
		HideSolutionNode = FALSE
	EndGlobalSection
	GlobalSection(ExtensibilityGlobals) = postSolution
		SolutionGuid = {C3572E7D-09E1-47CB-87FA-2E2BA4C22514}
	EndGlobalSection
	GlobalSection(NestedProjects) = preSolution
		{9F2C270B-8E33-4D8C-9995-CDA4E224D51A} = {7B996040-7E13-461B-9154-EABB28481C41}
		{0DA18B1B-5F48-49E9-9BCB-86D6891B7B11} = {7B996040-7E13-461B-9154-EABB28481C41}
		{775211B7-49CF-48FB-8E59-30F3F43BC252} = {7B996040-7E13-461B-9154-EABB28481C41}
	EndGlobalSection
EndGlobal
